# almide.lock — auto-generated, do not edit

gramide = { git = "https://github.com/O6lvl4/gramide", ref = "v0.2.11", commit = "c7c768e4da3c5472a81f5f737dc8e4ab75d72197" }
gramide_almide = { git = "https://github.com/O6lvl4/gramide-almide", ref = "v0.1.14", commit = "916a0419f51c4411e536c9daf3d69354e92e2f66" }
gramide_go = { git = "https://github.com/O6lvl4/gramide-go", ref = "v0.1.14", commit = "8bae070ca87bf6a6bac3060eb8fb006c566c194d" }
gramide_rust = { git = "https://github.com/O6lvl4/gramide-rust", ref = "v0.1.16", commit = "b39f07cb2d4d6f9e1d017929e7ec2aa66cdbbf23" }
gramide_python = { git = "https://github.com/O6lvl4/gramide-python", ref = "v0.1.13", commit = "255fcc66ad9c5ac98a86118c47af803eec20aa44" }
gramide_javascript = { git = "https://github.com/O6lvl4/gramide-javascript", ref = "v0.3.13", commit = "809e55f631b465652a2b96903b6f0c0b9409c950" }
gramide_typescript = { git = "https://github.com/O6lvl4/gramide-typescript", ref = "v0.3.13", commit = "39537a672e09d43a35150712d5fc95c0128b3a01" }
